
Microsoft Visual Studio Solution File, Format Version 12.00
# Visual Studio Version 17
VisualStudioVersion = 17.0.31903.59
MinimumVisualStudioVersion = 10.0.40219.1
Project("{2150E333-8FDC-42A3-9474-1A3956D46DE8}") = "Services", "Services", "{02EA681E-C7D8-13C7-8484-4AC65E1B71E8}"
EndProject
Project("{2150E333-8FDC-42A3-9474-1A3956D46DE8}") = "Users", "Users", "{4C53CB75-BFF2-4C63-9899-347901FBBE4E}"
EndProject
Project("{FAE04EC0-301F-11D3-BF4B-00C04F79EFBC}") = "Users.Api", "Services\Users\Users.Api\Users.Api.csproj", "{E018BEF3-22EA-4937-93C0-9FECAF5F9752}"
EndProject
Project("{2150E333-8FDC-42A3-9474-1A3956D46DE8}") = "Products", "Products", "{5E3C43FD-A7AD-4A98-8074-69CA37517FD0}"
EndProject
Project("{FAE04EC0-301F-11D3-BF4B-00C04F79EFBC}") = "Products.Api", "Services\Products\Products.Api\Products.Api.csproj", "{66C378FC-8BC3-9737-0A9A-5AF832042B67}"
EndProject
Project("{2150E333-8FDC-42A3-9474-1A3956D46DE8}") = "Orders", "Orders", "{8EED1947-FD00-46D5-8630-EF9841255146}"
EndProject
Project("{FAE04EC0-301F-11D3-BF4B-00C04F79EFBC}") = "Orders.Api", "Services\Orders\Orders.Api\Orders.Api.csproj", "{4484680B-CD60-4ACA-B40C-6094F7F01AE4}"
EndProject
Project("{FAE04EC0-301F-11D3-BF4B-00C04F79EFBC}") = "Orders.Application", "Services\Orders\Orders.Application\Orders.Application.csproj", "{0B6035E8-3F78-44AC-8CD0-B3247F2E94D2}"
EndProject
Project("{FAE04EC0-301F-11D3-BF4B-00C04F79EFBC}") = "Orders.Domain", "Services\Orders\Orders.Domain\Orders.Domain.csproj", "{F813297F-2272-433C-B2C2-F2520F0EA41A}"
EndProject
Project("{FAE04EC0-301F-11D3-BF4B-00C04F79EFBC}") = "Orders.Infrastructure", "Services\Orders\Orders.Infrastructure\Orders.Infrastructure.csproj", "{4724C9F7-95CE-4691-9E87-6684C861FEA1}"
EndProject
Project("{FAE04EC0-301F-11D3-BF4B-00C04F79EFBC}") = "Orders.Contracts", "Services\Orders\Orders.Contracts\Orders.Contracts.csproj", "{DFA5CC45-749A-479A-BB84-58CEE3F37EA3}"
EndProject
Project("{FAE04EC0-301F-11D3-BF4B-00C04F79EFBC}") = "Products.Domain", "Services\Products\Products.Domain\Products.Domain.csproj", "{6A4355FA-9B14-41D2-8915-08CEF44E101A}"
EndProject
Project("{FAE04EC0-301F-11D3-BF4B-00C04F79EFBC}") = "Products.Application", "Services\Products\Products.Application\Products.Application.csproj", "{A084E5D5-BF9E-408E-841D-0DEB8E5E76B9}"
EndProject
Project("{FAE04EC0-301F-11D3-BF4B-00C04F79EFBC}") = "Products.Infrastructure", "Services\Products\Products.Infrastructure\Products.Infrastructure.csproj", "{75B192B2-494D-4D04-843F-74EE791FB243}"
EndProject
Project("{FAE04EC0-301F-11D3-BF4B-00C04F79EFBC}") = "Products.Contracts", "Services\Products\Products.Contracts\Products.Contracts.csproj", "{E9E1614E-69C1-4408-9C77-2D1FCCBDA3BB}"
EndProject
Project("{FAE04EC0-301F-11D3-BF4B-00C04F79EFBC}") = "Users.Application", "Services\Users\Users.Application\Users.Application.csproj", "{5CEE4D99-F448-4BC2-9661-694AA3D8E247}"
EndProject
Project("{FAE04EC0-301F-11D3-BF4B-00C04F79EFBC}") = "Users.Domain", "Services\Users\Users.Domain\Users.Domain.csproj", "{DAEC4286-EA7E-4561-B764-300432E274CA}"
EndProject
Project("{FAE04EC0-301F-11D3-BF4B-00C04F79EFBC}") = "Users.Infrastructure", "Services\Users\Users.Infrastructure\Users.Infrastructure.csproj", "{48FB6C6F-3571-4BB4-A92D-C4799EEA6110}"
EndProject
Project("{FAE04EC0-301F-11D3-BF4B-00C04F79EFBC}") = "Users.Contracts", "Services\Users\Users.Contracts\Users.Contracts.csproj", "{E609947C-72D2-4113-8778-C41715DFDDB6}"
EndProject
Project("{2150E333-8FDC-42A3-9474-1A3956D46DE8}") = "Gateway", "Gateway", "{3EF5632F-1497-4D98-A408-E82611A15211}"
EndProject
Project("{FAE04EC0-301F-11D3-BF4B-00C04F79EFBC}") = "Ncs.ApiGateway", "Gateway\Ncs.ApiGateway\Ncs.ApiGateway.csproj", "{143A60DB-0A1B-4D5C-902A-E98C964489D3}"
EndProject
Project("{2150E333-8FDC-42A3-9474-1A3956D46DE8}") = "Solution Items", "Solution Items", "{8EC462FD-D22E-90A8-E5CE-7E832BA40C5D}"
	ProjectSection(SolutionItems) = preProject
		docker-compose.yml = docker-compose.yml
		README.md = README.md
	EndProjectSection
EndProject
Global
	GlobalSection(SolutionConfigurationPlatforms) = preSolution
		Debug|Any CPU = Debug|Any CPU
		Release|Any CPU = Release|Any CPU
	EndGlobalSection
	GlobalSection(ProjectConfigurationPlatforms) = postSolution
		{E018BEF3-22EA-4937-93C0-9FECAF5F9752}.Debug|Any CPU.ActiveCfg = Debug|Any CPU
		{E018BEF3-22EA-4937-93C0-9FECAF5F9752}.Debug|Any CPU.Build.0 = Debug|Any CPU
		{E018BEF3-22EA-4937-93C0-9FECAF5F9752}.Release|Any CPU.ActiveCfg = Release|Any CPU
		{E018BEF3-22EA-4937-93C0-9FECAF5F9752}.Release|Any CPU.Build.0 = Release|Any CPU
		{66C378FC-8BC3-9737-0A9A-5AF832042B67}.Debug|Any CPU.ActiveCfg = Debug|Any CPU
		{66C378FC-8BC3-9737-0A9A-5AF832042B67}.Debug|Any CPU.Build.0 = Debug|Any CPU
		{66C378FC-8BC3-9737-0A9A-5AF832042B67}.Release|Any CPU.ActiveCfg = Release|Any CPU
		{66C378FC-8BC3-9737-0A9A-5AF832042B67}.Release|Any CPU.Build.0 = Release|Any CPU
		{4484680B-CD60-4ACA-B40C-6094F7F01AE4}.Debug|Any CPU.ActiveCfg = Debug|Any CPU
		{4484680B-CD60-4ACA-B40C-6094F7F01AE4}.Debug|Any CPU.Build.0 = Debug|Any CPU
		{4484680B-CD60-4ACA-B40C-6094F7F01AE4}.Release|Any CPU.ActiveCfg = Release|Any CPU
		{4484680B-CD60-4ACA-B40C-6094F7F01AE4}.Release|Any CPU.Build.0 = Release|Any CPU
		{0B6035E8-3F78-44AC-8CD0-B3247F2E94D2}.Debug|Any CPU.ActiveCfg = Debug|Any CPU
		{0B6035E8-3F78-44AC-8CD0-B3247F2E94D2}.Debug|Any CPU.Build.0 = Debug|Any CPU
		{0B6035E8-3F78-44AC-8CD0-B3247F2E94D2}.Release|Any CPU.ActiveCfg = Release|Any CPU
		{0B6035E8-3F78-44AC-8CD0-B3247F2E94D2}.Release|Any CPU.Build.0 = Release|Any CPU
		{F813297F-2272-433C-B2C2-F2520F0EA41A}.Debug|Any CPU.ActiveCfg = Debug|Any CPU
		{F813297F-2272-433C-B2C2-F2520F0EA41A}.Debug|Any CPU.Build.0 = Debug|Any CPU
		{F813297F-2272-433C-B2C2-F2520F0EA41A}.Release|Any CPU.ActiveCfg = Release|Any CPU
		{F813297F-2272-433C-B2C2-F2520F0EA41A}.Release|Any CPU.Build.0 = Release|Any CPU
		{4724C9F7-95CE-4691-9E87-6684C861FEA1}.Debug|Any CPU.ActiveCfg = Debug|Any CPU
		{4724C9F7-95CE-4691-9E87-6684C861FEA1}.Debug|Any CPU.Build.0 = Debug|Any CPU
		{4724C9F7-95CE-4691-9E87-6684C861FEA1}.Release|Any CPU.ActiveCfg = Release|Any CPU
		{4724C9F7-95CE-4691-9E87-6684C861FEA1}.Release|Any CPU.Build.0 = Release|Any CPU
		{DFA5CC45-749A-479A-BB84-58CEE3F37EA3}.Debug|Any CPU.ActiveCfg = Debug|Any CPU
		{DFA5CC45-749A-479A-BB84-58CEE3F37EA3}.Debug|Any CPU.Build.0 = Debug|Any CPU
		{DFA5CC45-749A-479A-BB84-58CEE3F37EA3}.Release|Any CPU.ActiveCfg = Release|Any CPU
		{DFA5CC45-749A-479A-BB84-58CEE3F37EA3}.Release|Any CPU.Build.0 = Release|Any CPU
		{6A4355FA-9B14-41D2-8915-08CEF44E101A}.Debug|Any CPU.ActiveCfg = Debug|Any CPU
		{6A4355FA-9B14-41D2-8915-08CEF44E101A}.Debug|Any CPU.Build.0 = Debug|Any CPU
		{6A4355FA-9B14-41D2-8915-08CEF44E101A}.Release|Any CPU.ActiveCfg = Release|Any CPU
		{6A4355FA-9B14-41D2-8915-08CEF44E101A}.Release|Any CPU.Build.0 = Release|Any CPU
		{A084E5D5-BF9E-408E-841D-0DEB8E5E76B9}.Debug|Any CPU.ActiveCfg = Debug|Any CPU
		{A084E5D5-BF9E-408E-841D-0DEB8E5E76B9}.Debug|Any CPU.Build.0 = Debug|Any CPU
		{A084E5D5-BF9E-408E-841D-0DEB8E5E76B9}.Release|Any CPU.ActiveCfg = Release|Any CPU
		{A084E5D5-BF9E-408E-841D-0DEB8E5E76B9}.Release|Any CPU.Build.0 = Release|Any CPU
		{75B192B2-494D-4D04-843F-74EE791FB243}.Debug|Any CPU.ActiveCfg = Debug|Any CPU
		{75B192B2-494D-4D04-843F-74EE791FB243}.Debug|Any CPU.Build.0 = Debug|Any CPU
		{75B192B2-494D-4D04-843F-74EE791FB243}.Release|Any CPU.ActiveCfg = Release|Any CPU
		{75B192B2-494D-4D04-843F-74EE791FB243}.Release|Any CPU.Build.0 = Release|Any CPU
		{E9E1614E-69C1-4408-9C77-2D1FCCBDA3BB}.Debug|Any CPU.ActiveCfg = Debug|Any CPU
		{E9E1614E-69C1-4408-9C77-2D1FCCBDA3BB}.Debug|Any CPU.Build.0 = Debug|Any CPU
		{E9E1614E-69C1-4408-9C77-2D1FCCBDA3BB}.Release|Any CPU.ActiveCfg = Release|Any CPU
		{E9E1614E-69C1-4408-9C77-2D1FCCBDA3BB}.Release|Any CPU.Build.0 = Release|Any CPU
		{5CEE4D99-F448-4BC2-9661-694AA3D8E247}.Debug|Any CPU.ActiveCfg = Debug|Any CPU
		{5CEE4D99-F448-4BC2-9661-694AA3D8E247}.Debug|Any CPU.Build.0 = Debug|Any CPU
		{5CEE4D99-F448-4BC2-9661-694AA3D8E247}.Release|Any CPU.ActiveCfg = Release|Any CPU
		{5CEE4D99-F448-4BC2-9661-694AA3D8E247}.Release|Any CPU.Build.0 = Release|Any CPU
		{DAEC4286-EA7E-4561-B764-300432E274CA}.Debug|Any CPU.ActiveCfg = Debug|Any CPU
		{DAEC4286-EA7E-4561-B764-300432E274CA}.Debug|Any CPU.Build.0 = Debug|Any CPU
		{DAEC4286-EA7E-4561-B764-300432E274CA}.Release|Any CPU.ActiveCfg = Release|Any CPU
		{DAEC4286-EA7E-4561-B764-300432E274CA}.Release|Any CPU.Build.0 = Release|Any CPU
		{48FB6C6F-3571-4BB4-A92D-C4799EEA6110}.Debug|Any CPU.ActiveCfg = Debug|Any CPU
		{48FB6C6F-3571-4BB4-A92D-C4799EEA6110}.Debug|Any CPU.Build.0 = Debug|Any CPU
		{48FB6C6F-3571-4BB4-A92D-C4799EEA6110}.Release|Any CPU.ActiveCfg = Release|Any CPU
		{48FB6C6F-3571-4BB4-A92D-C4799EEA6110}.Release|Any CPU.Build.0 = Release|Any CPU
		{E609947C-72D2-4113-8778-C41715DFDDB6}.Debug|Any CPU.ActiveCfg = Debug|Any CPU
		{E609947C-72D2-4113-8778-C41715DFDDB6}.Debug|Any CPU.Build.0 = Debug|Any CPU
		{E609947C-72D2-4113-8778-C41715DFDDB6}.Release|Any CPU.ActiveCfg = Release|Any CPU
		{E609947C-72D2-4113-8778-C41715DFDDB6}.Release|Any CPU.Build.0 = Release|Any CPU
		{143A60DB-0A1B-4D5C-902A-E98C964489D3}.Debug|Any CPU.ActiveCfg = Debug|Any CPU
		{143A60DB-0A1B-4D5C-902A-E98C964489D3}.Debug|Any CPU.Build.0 = Debug|Any CPU
		{143A60DB-0A1B-4D5C-902A-E98C964489D3}.Release|Any CPU.ActiveCfg = Release|Any CPU
		{143A60DB-0A1B-4D5C-902A-E98C964489D3}.Release|Any CPU.Build.0 = Release|Any CPU
	EndGlobalSection
	GlobalSection(SolutionProperties) = preSolution
		HideSolutionNode = FALSE
	EndGlobalSection
	GlobalSection(NestedProjects) = preSolution
		{4C53CB75-BFF2-4C63-9899-347901FBBE4E} = {02EA681E-C7D8-13C7-8484-4AC65E1B71E8}
		{E018BEF3-22EA-4937-93C0-9FECAF5F9752} = {4C53CB75-BFF2-4C63-9899-347901FBBE4E}
		{5E3C43FD-A7AD-4A98-8074-69CA37517FD0} = {02EA681E-C7D8-13C7-8484-4AC65E1B71E8}
		{66C378FC-8BC3-9737-0A9A-5AF832042B67} = {5E3C43FD-A7AD-4A98-8074-69CA37517FD0}
		{8EED1947-FD00-46D5-8630-EF9841255146} = {02EA681E-C7D8-13C7-8484-4AC65E1B71E8}
		{4484680B-CD60-4ACA-B40C-6094F7F01AE4} = {8EED1947-FD00-46D5-8630-EF9841255146}
		{0B6035E8-3F78-44AC-8CD0-B3247F2E94D2} = {8EED1947-FD00-46D5-8630-EF9841255146}
		{F813297F-2272-433C-B2C2-F2520F0EA41A} = {8EED1947-FD00-46D5-8630-EF9841255146}
		{4724C9F7-95CE-4691-9E87-6684C861FEA1} = {8EED1947-FD00-46D5-8630-EF9841255146}
		{DFA5CC45-749A-479A-BB84-58CEE3F37EA3} = {8EED1947-FD00-46D5-8630-EF9841255146}
		{6A4355FA-9B14-41D2-8915-08CEF44E101A} = {5E3C43FD-A7AD-4A98-8074-69CA37517FD0}
		{A084E5D5-BF9E-408E-841D-0DEB8E5E76B9} = {5E3C43FD-A7AD-4A98-8074-69CA37517FD0}
		{75B192B2-494D-4D04-843F-74EE791FB243} = {5E3C43FD-A7AD-4A98-8074-69CA37517FD0}
		{E9E1614E-69C1-4408-9C77-2D1FCCBDA3BB} = {5E3C43FD-A7AD-4A98-8074-69CA37517FD0}
		{5CEE4D99-F448-4BC2-9661-694AA3D8E247} = {4C53CB75-BFF2-4C63-9899-347901FBBE4E}
		{DAEC4286-EA7E-4561-B764-300432E274CA} = {4C53CB75-BFF2-4C63-9899-347901FBBE4E}
		{48FB6C6F-3571-4BB4-A92D-C4799EEA6110} = {4C53CB75-BFF2-4C63-9899-347901FBBE4E}
		{E609947C-72D2-4113-8778-C41715DFDDB6} = {4C53CB75-BFF2-4C63-9899-347901FBBE4E}
		{143A60DB-0A1B-4D5C-902A-E98C964489D3} = {3EF5632F-1497-4D98-A408-E82611A15211}
	EndGlobalSection
	GlobalSection(ExtensibilityGlobals) = postSolution
		SolutionGuid = {584F684A-0648-4ACA-9C9B-5B4966E7CBA4}
	EndGlobalSection
EndGlobal
